
Microsoft Visual Studio Solution File, Format Version 12.00
# Visual Studio Version 17
VisualStudioVersion = 17.3.32819.101
MinimumVisualStudioVersion = 10.0.40219.1
Project("{9A19103F-16F7-4668-BE54-9A1E7A4F7556}") = "MCCDTS_Web", "MCCDTS_Web\MCCDTS_Web.csproj", "{D3074B5D-0BBF-48D1-BF31-04329034D898}"
EndProject
Project("{FAE04EC0-301F-11D3-BF4B-00C04F79EFBC}") = "API", "API\API.csproj", "{0D51AFCF-A196-4A60-840C-4CF1A92A2E7B}"
EndProject
Global
	GlobalSection(SolutionConfigurationPlatforms) = preSolution
		Debug|Any CPU = Debug|Any CPU
		Release|Any CPU = Release|Any CPU
	EndGlobalSection
	GlobalSection(ProjectConfigurationPlatforms) = postSolution
		{D3074B5D-0BBF-48D1-BF31-04329034D898}.Debug|Any CPU.ActiveCfg = Debug|Any CPU
		{D3074B5D-0BBF-48D1-BF31-04329034D898}.Debug|Any CPU.Build.0 = Debug|Any CPU
		{D3074B5D-0BBF-48D1-BF31-04329034D898}.Release|Any CPU.ActiveCfg = Release|Any CPU
		{D3074B5D-0BBF-48D1-BF31-04329034D898}.Release|Any CPU.Build.0 = Release|Any CPU
		{0D51AFCF-A196-4A60-840C-4CF1A92A2E7B}.Debug|Any CPU.ActiveCfg = Debug|Any CPU
		{0D51AFCF-A196-4A60-840C-4CF1A92A2E7B}.Debug|Any CPU.Build.0 = Debug|Any CPU
		{0D51AFCF-A196-4A60-840C-4CF1A92A2E7B}.Release|Any CPU.ActiveCfg = Release|Any CPU
		{0D51AFCF-A196-4A60-840C-4CF1A92A2E7B}.Release|Any CPU.Build.0 = Release|Any CPU
	EndGlobalSection
	GlobalSection(SolutionProperties) = preSolution
		HideSolutionNode = FALSE
	EndGlobalSection
	GlobalSection(ExtensibilityGlobals) = postSolution
		SolutionGuid = {5F7CD6C6-7054-4A91-A19B-7CE2427B2634}
	EndGlobalSection
EndGlobal
